
Microsoft Visual Studio Solution File, Format Version 12.00
Project("{FAE04EC0-301F-11D3-BF4B-00C04F79EFBC}") = "Haukcode.Rdm", "src\Haukcode.Rdm.csproj", "{57FDF9B9-B0DD-41C9-818A-54A1E5D837E7}"
EndProject
Project("{FAE04EC0-301F-11D3-BF4B-00C04F79EFBC}") = "RdmSample", "samples\RdmSample.csproj", "{33D72DB0-7EF6-4ACE-A8A7-6BABF86A1B29}"
EndProject
Global
	GlobalSection(SolutionConfigurationPlatforms) = preSolution
		Debug|Any CPU = Debug|Any CPU
		Release|Any CPU = Release|Any CPU
	EndGlobalSection
	GlobalSection(ProjectConfigurationPlatforms) = postSolution
		{57FDF9B9-B0DD-41C9-818A-54A1E5D837E7}.Debug|Any CPU.ActiveCfg = Debug|Any CPU
		{57FDF9B9-B0DD-41C9-818A-54A1E5D837E7}.Debug|Any CPU.Build.0 = Debug|Any CPU
		{57FDF9B9-B0DD-41C9-818A-54A1E5D837E7}.Release|Any CPU.ActiveCfg = Release|Any CPU
		{57FDF9B9-B0DD-41C9-818A-54A1E5D837E7}.Release|Any CPU.Build.0 = Release|Any CPU
		{33D72DB0-7EF6-4ACE-A8A7-6BABF86A1B29}.Debug|Any CPU.ActiveCfg = Debug|Any CPU
		{33D72DB0-7EF6-4ACE-A8A7-6BABF86A1B29}.Debug|Any CPU.Build.0 = Debug|Any CPU
		{33D72DB0-7EF6-4ACE-A8A7-6BABF86A1B29}.Release|Any CPU.ActiveCfg = Release|Any CPU
		{33D72DB0-7EF6-4ACE-A8A7-6BABF86A1B29}.Release|Any CPU.Build.0 = Release|Any CPU
	EndGlobalSection
EndGlobal
